
Microsoft Visual Studio Solution File, Format Version 12.00
# Visual Studio Version 16
VisualStudioVersion = 16.0.31313.79
MinimumVisualStudioVersion = 10.0.40219.1
Project("{FAE04EC0-301F-11D3-BF4B-00C04F79EFBC}") = "SortStudentGrade", "SortStudentGrade.csproj", "{83028864-6D1C-423E-A82F-4B4B0FFAAADE}"
EndProject
Global
	GlobalSection(SolutionConfigurationPlatforms) = preSolution
		Debug|Any CPU = Debug|Any CPU
		Release|Any CPU = Release|Any CPU
	EndGlobalSection
	GlobalSection(ProjectConfigurationPlatforms) = postSolution
		{83028864-6D1C-423E-A82F-4B4B0FFAAADE}.Debug|Any CPU.ActiveCfg = Debug|Any CPU
		{83028864-6D1C-423E-A82F-4B4B0FFAAADE}.Debug|Any CPU.Build.0 = Debug|Any CPU
		{83028864-6D1C-423E-A82F-4B4B0FFAAADE}.Release|Any CPU.ActiveCfg = Release|Any CPU
		{83028864-6D1C-423E-A82F-4B4B0FFAAADE}.Release|Any CPU.Build.0 = Release|Any CPU
	EndGlobalSection
	GlobalSection(SolutionProperties) = preSolution
		HideSolutionNode = FALSE
	EndGlobalSection
	GlobalSection(ExtensibilityGlobals) = postSolution
		SolutionGuid = {6066E0E7-1EA7-46CF-AAF4-E7EE5CEFEB9F}
	EndGlobalSection
EndGlobal
